// !$*UTF8*$!
{
	archiveVersion = 1;
	classes = {
	};
	objectVersion = 51;
	objects = {

/* Begin PBXBuildFile section */
		420A770C251DE3CD002028C1 /* InterviewVC.swift in Sources */ = {isa = PBXBuildFile; fileRef = 420A770B251DE3CD002028C1 /* InterviewVC.swift */; };
		422745AC2472ADBF0013E096 /* AppDelegate.swift in Sources */ = {isa = PBXBuildFile; fileRef = 422745AB2472ADBF0013E096 /* AppDelegate.swift */; };
		422745AE2472ADBF0013E096 /* SceneDelegate.swift in Sources */ = {isa = PBXBuildFile; fileRef = 422745AD2472ADBF0013E096 /* SceneDelegate.swift */; };
		422745B02472ADBF0013E096 /* ViewController.swift in Sources */ = {isa = PBXBuildFile; fileRef = 422745AF2472ADBF0013E096 /* ViewController.swift */; };
		422745B52472ADC10013E096 /* Assets.xcassets in Resources */ = {isa = PBXBuildFile; fileRef = 422745B42472ADC10013E096 /* Assets.xcassets */; };
		422745C22472C6780013E096 /* Default-568h@2x.png in Resources */ = {isa = PBXBuildFile; fileRef = 422745C12472C6780013E096 /* Default-568h@2x.png */; };
		42BBEDFD252224AC00245450 /* RealmObjectOfPregnacy.swift in Sources */ = {isa = PBXBuildFile; fileRef = 42BBEDFC252224AC00245450 /* RealmObjectOfPregnacy.swift */; };
		42D5DABC247BF8AA00FA7A7E /* PregnancyVC.swift in Sources */ = {isa = PBXBuildFile; fileRef = 42D5DABB247BF8AA00FA7A7E /* PregnancyVC.swift */; };
		59CFCB183209814A7E132554 /* Pods_Questionnaire.framework in Frameworks */ = {isa = PBXBuildFile; fileRef = 23591215FDBBCE7445C7A66F /* Pods_Questionnaire.framework */; };
/* End PBXBuildFile section */

/* Begin PBXFileReference section */
		23591215FDBBCE7445C7A66F /* Pods_Questionnaire.framework */ = {isa = PBXFileReference; explicitFileType = wrapper.framework; includeInIndex = 0; path = Pods_Questionnaire.framework; sourceTree = BUILT_PRODUCTS_DIR; };
		420A770B251DE3CD002028C1 /* InterviewVC.swift */ = {isa = PBXFileReference; lastKnownFileType = sourcecode.swift; path = InterviewVC.swift; sourceTree = "<group>"; };
		422745A82472ADBF0013E096 /* Questionnaire.app */ = {isa = PBXFileReference; explicitFileType = wrapper.application; includeInIndex = 0; path = Questionnaire.app; sourceTree = BUILT_PRODUCTS_DIR; };
		422745AB2472ADBF0013E096 /* AppDelegate.swift */ = {isa = PBXFileReference; lastKnownFileType = sourcecode.swift; path = AppDelegate.swift; sourceTree = "<group>"; };
		422745AD2472ADBF0013E096 /* SceneDelegate.swift */ = {isa = PBXFileReference; lastKnownFileType = sourcecode.swift; path = SceneDelegate.swift; sourceTree = "<group>"; };
		422745AF2472ADBF0013E096 /* ViewController.swift */ = {isa = PBXFileReference; lastKnownFileType = sourcecode.swift; path = ViewController.swift; sourceTree = "<group>"; };
		422745B42472ADC10013E096 /* Assets.xcassets */ = {isa = PBXFileReference; lastKnownFileType = folder.assetcatalog; path = Assets.xcassets; sourceTree = "<group>"; };
		422745B92472ADC10013E096 /* Info.plist */ = {isa = PBXFileReference; lastKnownFileType = text.plist.xml; path = Info.plist; sourceTree = "<group>"; };
		422745C12472C6780013E096 /* Default-568h@2x.png */ = {isa = PBXFileReference; lastKnownFileType = image.png; path = "Default-568h@2x.png"; sourceTree = "<group>"; };
		42BBEDFC252224AC00245450 /* RealmObjectOfPregnacy.swift */ = {isa = PBXFileReference; lastKnownFileType = sourcecode.swift; path = RealmObjectOfPregnacy.swift; sourceTree = "<group>"; };
		42D5DABB247BF8AA00FA7A7E /* PregnancyVC.swift */ = {isa = PBXFileReference; lastKnownFileType = sourcecode.swift; path = PregnancyVC.swift; sourceTree = "<group>"; };
		BC96117B9B608502718EF5A1 /* Pods-Questionnaire.debug.xcconfig */ = {isa = PBXFileReference; includeInIndex = 1; lastKnownFileType = text.xcconfig; name = "Pods-Questionnaire.debug.xcconfig"; path = "Target Support Files/Pods-Questionnaire/Pods-Questionnaire.debug.xcconfig"; sourceTree = "<group>"; };
		D7B114E8E4188CCD9F5E04D1 /* Pods-Questionnaire.release.xcconfig */ = {isa = PBXFileReference; includeInIndex = 1; lastKnownFileType = text.xcconfig; name = "Pods-Questionnaire.release.xcconfig"; path = "Target Support Files/Pods-Questionnaire/Pods-Questionnaire.release.xcconfig"; sourceTree = "<group>"; };
/* End PBXFileReference section */

/* Begin PBXFrameworksBuildPhase section */
		422745A52472ADBF0013E096 /* Frameworks */ = {
			isa = PBXFrameworksBuildPhase;
			buildActionMask = 2147483647;
			files = (
				59CFCB183209814A7E132554 /* Pods_Questionnaire.framework in Frameworks */,
			);
			runOnlyForDeploymentPostprocessing = 0;
		};
/* End PBXFrameworksBuildPhase section */

/* Begin PBXGroup section */
		19A28A0BA343A37F9D3E7EE0 /* Frameworks */ = {
			isa = PBXGroup;
			children = (
				23591215FDBBCE7445C7A66F /* Pods_Questionnaire.framework */,
			);
			name = Frameworks;
			sourceTree = "<group>";
		};
		4227459F2472ADBF0013E096 = {
			isa = PBXGroup;
			children = (
				422745C12472C6780013E096 /* Default-568h@2x.png */,
				422745AA2472ADBF0013E096 /* Questionnaire */,
				422745A92472ADBF0013E096 /* Products */,
				6624BD699E44CB29A8F70DE4 /* Pods */,
				19A28A0BA343A37F9D3E7EE0 /* Frameworks */,
			);
			sourceTree = "<group>";
		};
		422745A92472ADBF0013E096 /* Products */ = {
			isa = PBXGroup;
			children = (
				422745A82472ADBF0013E096 /* Questionnaire.app */,
			);
			name = Products;
			sourceTree = "<group>";
		};
		422745AA2472ADBF0013E096 /* Questionnaire */ = {
			isa = PBXGroup;
			children = (
				422745AB2472ADBF0013E096 /* AppDelegate.swift */,
				422745AD2472ADBF0013E096 /* SceneDelegate.swift */,
				422745AF2472ADBF0013E096 /* ViewController.swift */,
				42D5DABB247BF8AA00FA7A7E /* PregnancyVC.swift */,
				42BBEDFC252224AC00245450 /* RealmObjectOfPregnacy.swift */,
				420A770B251DE3CD002028C1 /* InterviewVC.swift */,
				422745B42472ADC10013E096 /* Assets.xcassets */,
				422745B92472ADC10013E096 /* Info.plist */,
			);
			path = Questionnaire;
			sourceTree = "<group>";
		};
		6624BD699E44CB29A8F70DE4 /* Pods */ = {
			isa = PBXGroup;
			children = (
				BC96117B9B608502718EF5A1 /* Pods-Questionnaire.debug.xcconfig */,
				D7B114E8E4188CCD9F5E04D1 /* Pods-Questionnaire.release.xcconfig */,
			);
			path = Pods;
			sourceTree = "<group>";
		};
/* End PBXGroup section */

/* Begin PBXNativeTarget section */
		422745A72472ADBF0013E096 /* Questionnaire */ = {
			isa = PBXNativeTarget;
			buildConfigurationList = 422745BC2472ADC10013E096 /* Build configuration list for PBXNativeTarget "Questionnaire" */;
			buildPhases = (
				8D0480FD21EBFA928982C3D1 /* [CP] Check Pods Manifest.lock */,
				422745A42472ADBF0013E096 /* Sources */,
				422745A52472ADBF0013E096 /* Frameworks */,
				422745A62472ADBF0013E096 /* Resources */,
				2F65276B34FC4A361CEAE01F /* [CP] Embed Pods Frameworks */,
			);
			buildRules = (
			);
			dependencies = (
			);
			name = Questionnaire;
			productName = DeletingStoryboard;
			productReference = 422745A82472ADBF0013E096 /* Questionnaire.app */;
			productType = "com.apple.product-type.application";
		};
/* End PBXNativeTarget section */

/* Begin PBXProject section */
		422745A02472ADBF0013E096 /* Project object */ = {
			isa = PBXProject;
			attributes = {
				LastSwiftUpdateCheck = 1140;
				LastUpgradeCheck = 1200;
				ORGANIZATIONNAME = "Daichi Aoki";
				TargetAttributes = {
					422745A72472ADBF0013E096 = {
						CreatedOnToolsVersion = 11.4.1;
					};
				};
			};
			buildConfigurationList = 422745A32472ADBF0013E096 /* Build configuration list for PBXProject "Questionnaire" */;
			compatibilityVersion = "Xcode 9.3";
			developmentRegion = en;
			hasScannedForEncodings = 0;
			knownRegions = (
				en,
				Base,
			);
			mainGroup = 4227459F2472ADBF0013E096;
			productRefGroup = 422745A92472ADBF0013E096 /* Products */;
			projectDirPath = "";
			projectRoot = "";
			targets = (
				422745A72472ADBF0013E096 /* Questionnaire */,
			);
		};
/* End PBXProject section */

/* Begin PBXResourcesBuildPhase section */
		422745A62472ADBF0013E096 /* Resources */ = {
			isa = PBXResourcesBuildPhase;
			buildActionMask = 2147483647;
			files = (
				422745B52472ADC10013E096 /* Assets.xcassets in Resources */,
				422745C22472C6780013E096 /* Default-568h@2x.png in Resources */,
			);
			runOnlyForDeploymentPostprocessing = 0;
		};
/* End PBXResourcesBuildPhase section */

/* Begin PBXShellScriptBuildPhase section */
		2F65276B34FC4A361CEAE01F /* [CP] Embed Pods Frameworks */ = {
			isa = PBXShellScriptBuildPhase;
			buildActionMask = 2147483647;
			files = (
			);
			inputFileListPaths = (
				"${PODS_ROOT}/Target Support Files/Pods-Questionnaire/Pods-Questionnaire-frameworks-${CONFIGURATION}-input-files.xcfilelist",
			);
			name = "[CP] Embed Pods Frameworks";
			outputFileListPaths = (
				"${PODS_ROOT}/Target Support Files/Pods-Questionnaire/Pods-Questionnaire-frameworks-${CONFIGURATION}-output-files.xcfilelist",
			);
			runOnlyForDeploymentPostprocessing = 0;
			shellPath = /bin/sh;
			shellScript = "\"${PODS_ROOT}/Target Support Files/Pods-Questionnaire/Pods-Questionnaire-frameworks.sh\"\n";
			showEnvVarsInLog = 0;
		};
		8D0480FD21EBFA928982C3D1 /* [CP] Check Pods Manifest.lock */ = {
			isa = PBXShellScriptBuildPhase;
			buildActionMask = 2147483647;
			files = (
			);
			inputFileListPaths = (
			);
			inputPaths = (
				"${PODS_PODFILE_DIR_PATH}/Podfile.lock",
				"${PODS_ROOT}/Manifest.lock",
			);
			name = "[CP] Check Pods Manifest.lock";
			outputFileListPaths = (
			);
			outputPaths = (
				"$(DERIVED_FILE_DIR)/Pods-Questionnaire-checkManifestLockResult.txt",
			);
			runOnlyForDeploymentPostprocessing = 0;
			shellPath = /bin/sh;
			shellScript = "diff \"${PODS_PODFILE_DIR_PATH}/Podfile.lock\" \"${PODS_ROOT}/Manifest.lock\" > /dev/null\nif [ $? != 0 ] ; then\n    # print error to STDERR\n    echo \"error: The sandbox is not in sync with the Podfile.lock. Run 'pod install' or update your CocoaPods installation.\" >&2\n    exit 1\nfi\n# This output is used by Xcode 'outputs' to avoid re-running this script phase.\necho \"SUCCESS\" > \"${SCRIPT_OUTPUT_FILE_0}\"\n";
			showEnvVarsInLog = 0;
		};
/* End PBXShellScriptBuildPhase section */

/* Begin PBXSourcesBuildPhase section */
		422745A42472ADBF0013E096 /* Sources */ = {
			isa = PBXSourcesBuildPhase;
			buildActionMask = 2147483647;
			files = (
				42BBEDFD252224AC00245450 /* RealmObjectOfPregnacy.swift in Sources */,
				420A770C251DE3CD002028C1 /* InterviewVC.swift in Sources */,
				422745B02472ADBF0013E096 /* ViewController.swift in Sources */,
				42D5DABC247BF8AA00FA7A7E /* PregnancyVC.swift in Sources */,
				422745AC2472ADBF0013E096 /* AppDelegate.swift in Sources */,
				422745AE2472ADBF0013E096 /* SceneDelegate.swift in Sources */,
			);
			runOnlyForDeploymentPostprocessing = 0;
		};
/* End PBXSourcesBuildPhase section */

/* Begin XCBuildConfiguration section */
		422745BA2472ADC10013E096 /* Debug */ = {
			isa = XCBuildConfiguration;
			buildSettings = {
				ALWAYS_SEARCH_USER_PATHS = NO;
				CLANG_ANALYZER_NONNULL = YES;
				CLANG_ANALYZER_NUMBER_OBJECT_CONVERSION = YES_AGGRESSIVE;
				CLANG_CXX_LANGUAGE_STANDARD = "gnu++14";
				CLANG_CXX_LIBRARY = "libc++";
				CLANG_ENABLE_MODULES = YES;
				CLANG_ENABLE_OBJC_ARC = YES;
				CLANG_ENABLE_OBJC_WEAK = YES;
				CLANG_WARN_BLOCK_CAPTURE_AUTORELEASING = YES;
				CLANG_WARN_BOOL_CONVERSION = YES;
				CLANG_WARN_COMMA = YES;
				CLANG_WARN_CONSTANT_CONVERSION = YES;
				CLANG_WARN_DEPRECATED_OBJC_IMPLEMENTATIONS = YES;
				CLANG_WARN_DIRECT_OBJC_ISA_USAGE = YES_ERROR;
				CLANG_WARN_DOCUMENTATION_COMMENTS = YES;
				CLANG_WARN_EMPTY_BODY = YES;
				CLANG_WARN_ENUM_CONVERSION = YES;
				CLANG_WARN_INFINITE_RECURSION = YES;
				CLANG_WARN_INT_CONVERSION = YES;
				CLANG_WARN_NON_LITERAL_NULL_CONVERSION = YES;
				CLANG_WARN_OBJC_IMPLICIT_RETAIN_SELF = YES;
				CLANG_WARN_OBJC_LITERAL_CONVERSION = YES;
				CLANG_WARN_OBJC_ROOT_CLASS = YES_ERROR;
				CLANG_WARN_QUOTED_INCLUDE_IN_FRAMEWORK_HEADER = YES;
				CLANG_WARN_RANGE_LOOP_ANALYSIS = YES;
				CLANG_WARN_STRICT_PROTOTYPES = YES;
				CLANG_WARN_SUSPICIOUS_MOVE = YES;
				CLANG_WARN_UNGUARDED_AVAILABILITY = YES_AGGRESSIVE;
				CLANG_WARN_UNREACHABLE_CODE = YES;
				CLANG_WARN__DUPLICATE_METHOD_MATCH = YES;
				COPY_PHASE_STRIP = NO;
				DEBUG_INFORMATION_FORMAT = dwarf;
				ENABLE_STRICT_OBJC_MSGSEND = YES;
				ENABLE_TESTABILITY = YES;
				GCC_C_LANGUAGE_STANDARD = gnu11;
				GCC_DYNAMIC_NO_PIC = NO;
				GCC_NO_COMMON_BLOCKS = YES;
				GCC_OPTIMIZATION_LEVEL = 0;
				GCC_PREPROCESSOR_DEFINITIONS = (
					"DEBUG=1",
					"$(inherited)",
				);
				GCC_WARN_64_TO_32_BIT_CONVERSION = YES;
				GCC_WARN_ABOUT_RETURN_TYPE = YES_ERROR;
				GCC_WARN_UNDECLARED_SELECTOR = YES;
				GCC_WARN_UNINITIALIZED_AUTOS = YES_AGGRESSIVE;
				GCC_WARN_UNUSED_FUNCTION = YES;
				GCC_WARN_UNUSED_VARIABLE = YES;
				IPHONEOS_DEPLOYMENT_TARGET = 13.4;
				MTL_ENABLE_DEBUG_INFO = INCLUDE_SOURCE;
				MTL_FAST_MATH = YES;
				ONLY_ACTIVE_ARCH = YES;
				SDKROOT = iphoneos;
				SWIFT_ACTIVE_COMPILATION_CONDITIONS = DEBUG;
				SWIFT_OPTIMIZATION_LEVEL = "-Onone";
			};
			name = Debug;
		};
		422745BB2472ADC10013E096 /* Release */ = {
			isa = XCBuildConfiguration;
			buildSettings = {
				ALWAYS_SEARCH_USER_PATHS = NO;
				CLANG_ANALYZER_NONNULL = YES;
				CLANG_ANALYZER_NUMBER_OBJECT_CONVERSION = YES_AGGRESSIVE;
				CLANG_CXX_LANGUAGE_STANDARD = "gnu++14";
				CLANG_CXX_LIBRARY = "libc++";
				CLANG_ENABLE_MODULES = YES;
				CLANG_ENABLE_OBJC_ARC = YES;
				CLANG_ENABLE_OBJC_WEAK = YES;
				CLANG_WARN_BLOCK_CAPTURE_AUTORELEASING = YES;
				CLANG_WARN_BOOL_CONVERSION = YES;
				CLANG_WARN_COMMA = YES;
				CLANG_WARN_CONSTANT_CONVERSION = YES;
				CLANG_WARN_DEPRECATED_OBJC_IMPLEMENTATIONS = YES;
				CLANG_WARN_DIRECT_OBJC_ISA_USAGE = YES_ERROR;
				CLANG_WARN_DOCUMENTATION_COMMENTS = YES;
				CLANG_WARN_EMPTY_BODY = YES;
				CLANG_WARN_ENUM_CONVERSION = YES;
				CLANG_WARN_INFINITE_RECURSION = YES;
				CLANG_WARN_INT_CONVERSION = YES;
				CLANG_WARN_NON_LITERAL_NULL_CONVERSION = YES;
				CLANG_WARN_OBJC_IMPLICIT_RETAIN_SELF = YES;
				CLANG_WARN_OBJC_LITERAL_CONVERSION = YES;
				CLANG_WARN_OBJC_ROOT_CLASS = YES_ERROR;
				CLANG_WARN_QUOTED_INCLUDE_IN_FRAMEWORK_HEADER = YES;
				CLANG_WARN_RANGE_LOOP_ANALYSIS = YES;
				CLANG_WARN_STRICT_PROTOTYPES = YES;
				CLANG_WARN_SUSPICIOUS_MOVE = YES;
				CLANG_WARN_UNGUARDED_AVAILABILITY = YES_AGGRESSIVE;
				CLANG_WARN_UNREACHABLE_CODE = YES;
				CLANG_WARN__DUPLICATE_METHOD_MATCH = YES;
				COPY_PHASE_STRIP = NO;
				DEBUG_INFORMATION_FORMAT = "dwarf-with-dsym";
				ENABLE_NS_ASSERTIONS = NO;
				ENABLE_STRICT_OBJC_MSGSEND = YES;
				GCC_C_LANGUAGE_STANDARD = gnu11;
				GCC_NO_COMMON_BLOCKS = YES;
				GCC_WARN_64_TO_32_BIT_CONVERSION = YES;
				GCC_WARN_ABOUT_RETURN_TYPE = YES_ERROR;
				GCC_WARN_UNDECLARED_SELECTOR = YES;
				GCC_WARN_UNINITIALIZED_AUTOS = YES_AGGRESSIVE;
				GCC_WARN_UNUSED_FUNCTION = YES;
				GCC_WARN_UNUSED_VARIABLE = YES;
				IPHONEOS_DEPLOYMENT_TARGET = 13.4;
				MTL_ENABLE_DEBUG_INFO = NO;
				MTL_FAST_MATH = YES;
				SDKROOT = iphoneos;
				SWIFT_COMPILATION_MODE = wholemodule;
				SWIFT_OPTIMIZATION_LEVEL = "-O";
				VALIDATE_PRODUCT = YES;
			};
			name = Release;
		};
		422745BD2472ADC10013E096 /* Debug */ = {
			isa = XCBuildConfiguration;
			baseConfigurationReference = BC96117B9B608502718EF5A1 /* Pods-Questionnaire.debug.xcconfig */;
			buildSettings = {
				ASSETCATALOG_COMPILER_APPICON_NAME = AppIcon;
				CODE_SIGN_STYLE = Automatic;
				DEVELOPMENT_TEAM = 9892KFT732;
				INFOPLIST_FILE = "$(SRCROOT)/Questionnaire/Info.plist";
				IPHONEOS_DEPLOYMENT_TARGET = 13.4;
				LD_RUNPATH_SEARCH_PATHS = (
					"$(inherited)",
					"@executable_path/Frameworks",
				);
				PRODUCT_BUNDLE_IDENTIFIER = "jp.ne.docomo.aokuro-z.Questionnaire";
				PRODUCT_NAME = Questionnaire;
				SWIFT_VERSION = 5.0;
				TARGETED_DEVICE_FAMILY = "1,2";
			};
			name = Debug;
		};
		422745BE2472ADC10013E096 /* Release */ = {
			isa = XCBuildConfiguration;
			baseConfigurationReference = D7B114E8E4188CCD9F5E04D1 /* Pods-Questionnaire.release.xcconfig */;
			buildSettings = {
				ASSETCATALOG_COMPILER_APPICON_NAME = AppIcon;
				CODE_SIGN_STYLE = Automatic;
				DEVELOPMENT_TEAM = 9892KFT732;
				INFOPLIST_FILE = "$(SRCROOT)/Questionnaire/Info.plist";
				IPHONEOS_DEPLOYMENT_TARGET = 13.4;
				LD_RUNPATH_SEARCH_PATHS = (
					"$(inherited)",
					"@executable_path/Frameworks",
				);
				PRODUCT_BUNDLE_IDENTIFIER = "jp.ne.docomo.aokuro-z.Questionnaire";
				PRODUCT_NAME = Questionnaire;
				SWIFT_VERSION = 5.0;
				TARGETED_DEVICE_FAMILY = "1,2";
			};
			name = Release;
		};
/* End XCBuildConfiguration section */

/* Begin XCConfigurationList section */
		422745A32472ADBF0013E096 /* Build configuration list for PBXProject "Questionnaire" */ = {
			isa = XCConfigurationList;
			buildConfigurations = (
				422745BA2472ADC10013E096 /* Debug */,
				422745BB2472ADC10013E096 /* Release */,
			);
			defaultConfigurationIsVisible = 0;
			defaultConfigurationName = Release;
		};
		422745BC2472ADC10013E096 /* Build configuration list for PBXNativeTarget "Questionnaire" */ = {
			isa = XCConfigurationList;
			buildConfigurations = (
				422745BD2472ADC10013E096 /* Debug */,
				422745BE2472ADC10013E096 /* Release */,
			);
			defaultConfigurationIsVisible = 0;
			defaultConfigurationName = Release;
		};
/* End XCConfigurationList section */
	};
	rootObject = 422745A02472ADBF0013E096 /* Project object */;
}
